
Microsoft Visual Studio Solution File, Format Version 12.00
# Visual Studio 15
VisualStudioVersion = 15.0.27004.2006
MinimumVisualStudioVersion = 10.0.40219.1
Project("{FAE04EC0-301F-11D3-BF4B-00C04F79EFBC}") = "Cake.Deploy.Bot.LUIS", "Cake.Deploy.Bot.LUIS\Cake.Deploy.Bot.LUIS.csproj", "{68B6A3B2-D0DA-4F0D-B0F7-8231BA495A01}"
EndProject
Project("{FAE04EC0-301F-11D3-BF4B-00C04F79EFBC}") = "ConsoleApp1", "ConsoleApp1\ConsoleApp1.csproj", "{57481EAF-397F-4393-B65C-99B5E87F5684}"
EndProject
Global
	GlobalSection(SolutionConfigurationPlatforms) = preSolution
		Debug|Any CPU = Debug|Any CPU
		Release|Any CPU = Release|Any CPU
	EndGlobalSection
	GlobalSection(ProjectConfigurationPlatforms) = postSolution
		{68B6A3B2-D0DA-4F0D-B0F7-8231BA495A01}.Debug|Any CPU.ActiveCfg = Debug|Any CPU
		{68B6A3B2-D0DA-4F0D-B0F7-8231BA495A01}.Debug|Any CPU.Build.0 = Debug|Any CPU
		{68B6A3B2-D0DA-4F0D-B0F7-8231BA495A01}.Release|Any CPU.ActiveCfg = Release|Any CPU
		{68B6A3B2-D0DA-4F0D-B0F7-8231BA495A01}.Release|Any CPU.Build.0 = Release|Any CPU
		{57481EAF-397F-4393-B65C-99B5E87F5684}.Debug|Any CPU.ActiveCfg = Debug|Any CPU
		{57481EAF-397F-4393-B65C-99B5E87F5684}.Debug|Any CPU.Build.0 = Debug|Any CPU
		{57481EAF-397F-4393-B65C-99B5E87F5684}.Release|Any CPU.ActiveCfg = Release|Any CPU
		{57481EAF-397F-4393-B65C-99B5E87F5684}.Release|Any CPU.Build.0 = Release|Any CPU
	EndGlobalSection
	GlobalSection(SolutionProperties) = preSolution
		HideSolutionNode = FALSE
	EndGlobalSection
	GlobalSection(ExtensibilityGlobals) = postSolution
		SolutionGuid = {91F34569-30D9-4D34-A97B-CA17B6AEA62F}
	EndGlobalSection
EndGlobal
